
Microsoft Visual Studio Solution File, Format Version 12.00
# Visual Studio Version 17
VisualStudioVersion = 17.8.34316.72
MinimumVisualStudioVersion = 10.0.40219.1
Project("{FAE04EC0-301F-11D3-BF4B-00C04F79EFBC}") = "ecommerce", "ecommerce\ecommerce.csproj", "{65607026-5F0B-49D0-AB17-E04F0932DF5B}"
EndProject
Project("{2150E333-8FDC-42A3-9474-1A3956D46DE8}") = "Solution Items", "Solution Items", "{BFDCBD7E-CA9C-4311-99FA-B812783D40BF}"
	ProjectSection(SolutionItems) = preProject
		ecommerce\Form10.cs = ecommerce\Form10.cs
		ecommerce\Form10.Designer.cs = ecommerce\Form10.Designer.cs
		ecommerce\Form10.resx = ecommerce\Form10.resx
		ecommerce\Form11.cs = ecommerce\Form11.cs
		ecommerce\Form11.Designer.cs = ecommerce\Form11.Designer.cs
		ecommerce\Form11.resx = ecommerce\Form11.resx
		ecommerce\Form12.cs = ecommerce\Form12.cs
		ecommerce\Form12.Designer.cs = ecommerce\Form12.Designer.cs
		ecommerce\Form12.resx = ecommerce\Form12.resx
		ecommerce\Form13.cs = ecommerce\Form13.cs
		ecommerce\Form13.Designer.cs = ecommerce\Form13.Designer.cs
		ecommerce\Form13.resx = ecommerce\Form13.resx
		ecommerce\Form14.cs = ecommerce\Form14.cs
		ecommerce\Form14.Designer.cs = ecommerce\Form14.Designer.cs
		ecommerce\Form14.resx = ecommerce\Form14.resx
		ecommerce\Form15.cs = ecommerce\Form15.cs
		ecommerce\Form15.Designer.cs = ecommerce\Form15.Designer.cs
		ecommerce\Form15.resx = ecommerce\Form15.resx
		ecommerce\Form16.cs = ecommerce\Form16.cs
		ecommerce\Form16.Designer.cs = ecommerce\Form16.Designer.cs
		ecommerce\Form16.resx = ecommerce\Form16.resx
		ecommerce\Form17.cs = ecommerce\Form17.cs
		ecommerce\Form17.Designer.cs = ecommerce\Form17.Designer.cs
		ecommerce\Form17.resx = ecommerce\Form17.resx
		ecommerce\Form18.cs = ecommerce\Form18.cs
		ecommerce\Form18.Designer.cs = ecommerce\Form18.Designer.cs
		ecommerce\Form18.resx = ecommerce\Form18.resx
		ecommerce\Form19.cs = ecommerce\Form19.cs
		ecommerce\Form19.Designer.cs = ecommerce\Form19.Designer.cs
		ecommerce\Form19.resx = ecommerce\Form19.resx
		ecommerce\Form20.cs = ecommerce\Form20.cs
		ecommerce\Form20.Designer.cs = ecommerce\Form20.Designer.cs
		ecommerce\Form20.resx = ecommerce\Form20.resx
		ecommerce\Form21.cs = ecommerce\Form21.cs
		ecommerce\Form21.Designer.cs = ecommerce\Form21.Designer.cs
		ecommerce\Form21.resx = ecommerce\Form21.resx
		ecommerce\Form8.cs = ecommerce\Form8.cs
		ecommerce\Form8.Designer.cs = ecommerce\Form8.Designer.cs
		ecommerce\Form8.resx = ecommerce\Form8.resx
		ecommerce\Form9.cs = ecommerce\Form9.cs
		ecommerce\Form9.Designer.cs = ecommerce\Form9.Designer.cs
		ecommerce\Form9.resx = ecommerce\Form9.resx
	EndProjectSection
EndProject
Global
	GlobalSection(SolutionConfigurationPlatforms) = preSolution
		Debug|Any CPU = Debug|Any CPU
		Release|Any CPU = Release|Any CPU
	EndGlobalSection
	GlobalSection(ProjectConfigurationPlatforms) = postSolution
		{65607026-5F0B-49D0-AB17-E04F0932DF5B}.Debug|Any CPU.ActiveCfg = Debug|Any CPU
		{65607026-5F0B-49D0-AB17-E04F0932DF5B}.Debug|Any CPU.Build.0 = Debug|Any CPU
		{65607026-5F0B-49D0-AB17-E04F0932DF5B}.Release|Any CPU.ActiveCfg = Release|Any CPU
		{65607026-5F0B-49D0-AB17-E04F0932DF5B}.Release|Any CPU.Build.0 = Release|Any CPU
	EndGlobalSection
	GlobalSection(SolutionProperties) = preSolution
		HideSolutionNode = FALSE
	EndGlobalSection
	GlobalSection(ExtensibilityGlobals) = postSolution
		SolutionGuid = {0BE261C3-A005-41E3-A277-1B783621E924}
	EndGlobalSection
EndGlobal
